// !$*UTF8*$!
{
	archiveVersion = 1;
	classes = {
	};
	objectVersion = 46;
	objects = {

/* Begin PBXBuildFile section */
		B7776C45194F8E84009F09D5 /* Foundation.framework in Frameworks */ = {isa = PBXBuildFile; fileRef = B7776C44194F8E84009F09D5 /* Foundation.framework */; };
		B7776C47194F8E84009F09D5 /* CoreGraphics.framework in Frameworks */ = {isa = PBXBuildFile; fileRef = B7776C46194F8E84009F09D5 /* CoreGraphics.framework */; };
		B7776C49194F8E84009F09D5 /* UIKit.framework in Frameworks */ = {isa = PBXBuildFile; fileRef = B7776C48194F8E84009F09D5 /* UIKit.framework */; };
		B7776C4F194F8E84009F09D5 /* InfoPlist.strings in Resources */ = {isa = PBXBuildFile; fileRef = B7776C4D194F8E84009F09D5 /* InfoPlist.strings */; };
		B7776C51194F8E84009F09D5 /* main.m in Sources */ = {isa = PBXBuildFile; fileRef = B7776C50194F8E84009F09D5 /* main.m */; };
		B7776C55194F8E84009F09D5 /* AppDelegate.m in Sources */ = {isa = PBXBuildFile; fileRef = B7776C54194F8E84009F09D5 /* AppDelegate.m */; };
		B7776C57194F8E84009F09D5 /* Images.xcassets in Resources */ = {isa = PBXBuildFile; fileRef = B7776C56194F8E84009F09D5 /* Images.xcassets */; };
		B7776C5E194F8E84009F09D5 /* XCTest.framework in Frameworks */ = {isa = PBXBuildFile; fileRef = B7776C5D194F8E84009F09D5 /* XCTest.framework */; };
		B7776C5F194F8E84009F09D5 /* Foundation.framework in Frameworks */ = {isa = PBXBuildFile; fileRef = B7776C44194F8E84009F09D5 /* Foundation.framework */; };
		B7776C60194F8E84009F09D5 /* UIKit.framework in Frameworks */ = {isa = PBXBuildFile; fileRef = B7776C48194F8E84009F09D5 /* UIKit.framework */; };
		B7776C68194F8E84009F09D5 /* InfoPlist.strings in Resources */ = {isa = PBXBuildFile; fileRef = B7776C66194F8E84009F09D5 /* InfoPlist.strings */; };
		B7776C6A194F8E84009F09D5 /* tipcalcTests.m in Sources */ = {isa = PBXBuildFile; fileRef = B7776C69194F8E84009F09D5 /* tipcalcTests.m */; };
		B7776C76194F8FB7009F09D5 /* TipViewController.m in Sources */ = {isa = PBXBuildFile; fileRef = B7776C74194F8FB7009F09D5 /* TipViewController.m */; };
		B7776C78194F8FEA009F09D5 /* TipViewController.xib in Resources */ = {isa = PBXBuildFile; fileRef = B7776C7A194F8FEA009F09D5 /* TipViewController.xib */; };
/* End PBXBuildFile section */

/* Begin PBXContainerItemProxy section */
		B7776C61194F8E84009F09D5 /* PBXContainerItemProxy */ = {
			isa = PBXContainerItemProxy;
			containerPortal = B7776C39194F8E84009F09D5 /* Project object */;
			proxyType = 1;
			remoteGlobalIDString = B7776C40194F8E84009F09D5;
			remoteInfo = tipcalc;
		};
/* End PBXContainerItemProxy section */

/* Begin PBXFileReference section */
		B7776C41194F8E84009F09D5 /* tipcalc.app */ = {isa = PBXFileReference; explicitFileType = wrapper.application; includeInIndex = 0; path = tipcalc.app; sourceTree = BUILT_PRODUCTS_DIR; };
		B7776C44194F8E84009F09D5 /* Foundation.framework */ = {isa = PBXFileReference; lastKnownFileType = wrapper.framework; name = Foundation.framework; path = System/Library/Frameworks/Foundation.framework; sourceTree = SDKROOT; };
		B7776C46194F8E84009F09D5 /* CoreGraphics.framework */ = {isa = PBXFileReference; lastKnownFileType = wrapper.framework; name = CoreGraphics.framework; path = System/Library/Frameworks/CoreGraphics.framework; sourceTree = SDKROOT; };
		B7776C48194F8E84009F09D5 /* UIKit.framework */ = {isa = PBXFileReference; lastKnownFileType = wrapper.framework; name = UIKit.framework; path = System/Library/Frameworks/UIKit.framework; sourceTree = SDKROOT; };
		B7776C4C194F8E84009F09D5 /* tipcalc-Info.plist */ = {isa = PBXFileReference; lastKnownFileType = text.plist.xml; path = "tipcalc-Info.plist"; sourceTree = "<group>"; };
		B7776C4E194F8E84009F09D5 /* en */ = {isa = PBXFileReference; lastKnownFileType = text.plist.strings; name = en; path = en.lproj/InfoPlist.strings; sourceTree = "<group>"; };
		B7776C50194F8E84009F09D5 /* main.m */ = {isa = PBXFileReference; lastKnownFileType = sourcecode.c.objc; path = main.m; sourceTree = "<group>"; };
		B7776C52194F8E84009F09D5 /* tipcalc-Prefix.pch */ = {isa = PBXFileReference; lastKnownFileType = sourcecode.c.h; path = "tipcalc-Prefix.pch"; sourceTree = "<group>"; };
		B7776C53194F8E84009F09D5 /* AppDelegate.h */ = {isa = PBXFileReference; lastKnownFileType = sourcecode.c.h; path = AppDelegate.h; sourceTree = "<group>"; };
		B7776C54194F8E84009F09D5 /* AppDelegate.m */ = {isa = PBXFileReference; lastKnownFileType = sourcecode.c.objc; path = AppDelegate.m; sourceTree = "<group>"; };
		B7776C56194F8E84009F09D5 /* Images.xcassets */ = {isa = PBXFileReference; lastKnownFileType = folder.assetcatalog; path = Images.xcassets; sourceTree = "<group>"; };
		B7776C5C194F8E84009F09D5 /* tipcalcTests.xctest */ = {isa = PBXFileReference; explicitFileType = wrapper.cfbundle; includeInIndex = 0; path = tipcalcTests.xctest; sourceTree = BUILT_PRODUCTS_DIR; };
		B7776C5D194F8E84009F09D5 /* XCTest.framework */ = {isa = PBXFileReference; lastKnownFileType = wrapper.framework; name = XCTest.framework; path = Library/Frameworks/XCTest.framework; sourceTree = DEVELOPER_DIR; };
		B7776C65194F8E84009F09D5 /* tipcalcTests-Info.plist */ = {isa = PBXFileReference; lastKnownFileType = text.plist.xml; path = "tipcalcTests-Info.plist"; sourceTree = "<group>"; };
		B7776C67194F8E84009F09D5 /* en */ = {isa = PBXFileReference; lastKnownFileType = text.plist.strings; name = en; path = en.lproj/InfoPlist.strings; sourceTree = "<group>"; };
		B7776C69194F8E84009F09D5 /* tipcalcTests.m */ = {isa = PBXFileReference; lastKnownFileType = sourcecode.c.objc; path = tipcalcTests.m; sourceTree = "<group>"; };
		B7776C73194F8FB7009F09D5 /* TipViewController.h */ = {isa = PBXFileReference; fileEncoding = 4; lastKnownFileType = sourcecode.c.h; path = TipViewController.h; sourceTree = "<group>"; };
		B7776C74194F8FB7009F09D5 /* TipViewController.m */ = {isa = PBXFileReference; fileEncoding = 4; lastKnownFileType = sourcecode.c.objc; path = TipViewController.m; sourceTree = "<group>"; };
		B7776C79194F8FEA009F09D5 /* en */ = {isa = PBXFileReference; lastKnownFileType = file.xib; name = en; path = en.lproj/TipViewController.xib; sourceTree = "<group>"; };
/* End PBXFileReference section */

/* Begin PBXFrameworksBuildPhase section */
		B7776C3E194F8E84009F09D5 /* Frameworks */ = {
			isa = PBXFrameworksBuildPhase;
			buildActionMask = 2147483647;
			files = (
				B7776C47194F8E84009F09D5 /* CoreGraphics.framework in Frameworks */,
				B7776C49194F8E84009F09D5 /* UIKit.framework in Frameworks */,
				B7776C45194F8E84009F09D5 /* Foundation.framework in Frameworks */,
			);
			runOnlyForDeploymentPostprocessing = 0;
		};
		B7776C59194F8E84009F09D5 /* Frameworks */ = {
			isa = PBXFrameworksBuildPhase;
			buildActionMask = 2147483647;
			files = (
				B7776C5E194F8E84009F09D5 /* XCTest.framework in Frameworks */,
				B7776C60194F8E84009F09D5 /* UIKit.framework in Frameworks */,
				B7776C5F194F8E84009F09D5 /* Foundation.framework in Frameworks */,
			);
			runOnlyForDeploymentPostprocessing = 0;
		};
/* End PBXFrameworksBuildPhase section */

/* Begin PBXGroup section */
		B7776C38194F8E84009F09D5 = {
			isa = PBXGroup;
			children = (
				B7776C4A194F8E84009F09D5 /* tipcalc */,
				B7776C63194F8E84009F09D5 /* tipcalcTests */,
				B7776C43194F8E84009F09D5 /* Frameworks */,
				B7776C42194F8E84009F09D5 /* Products */,
			);
			sourceTree = "<group>";
		};
		B7776C42194F8E84009F09D5 /* Products */ = {
			isa = PBXGroup;
			children = (
				B7776C41194F8E84009F09D5 /* tipcalc.app */,
				B7776C5C194F8E84009F09D5 /* tipcalcTests.xctest */,
			);
			name = Products;
			sourceTree = "<group>";
		};
		B7776C43194F8E84009F09D5 /* Frameworks */ = {
			isa = PBXGroup;
			children = (
				B7776C44194F8E84009F09D5 /* Foundation.framework */,
				B7776C46194F8E84009F09D5 /* CoreGraphics.framework */,
				B7776C48194F8E84009F09D5 /* UIKit.framework */,
				B7776C5D194F8E84009F09D5 /* XCTest.framework */,
			);
			name = Frameworks;
			sourceTree = "<group>";
		};
		B7776C4A194F8E84009F09D5 /* tipcalc */ = {
			isa = PBXGroup;
			children = (
				B7776C53194F8E84009F09D5 /* AppDelegate.h */,
				B7776C54194F8E84009F09D5 /* AppDelegate.m */,
				B7776C56194F8E84009F09D5 /* Images.xcassets */,
				B7776C4B194F8E84009F09D5 /* Supporting Files */,
				B7776C73194F8FB7009F09D5 /* TipViewController.h */,
				B7776C74194F8FB7009F09D5 /* TipViewController.m */,
				B7776C7A194F8FEA009F09D5 /* TipViewController.xib */,
			);
			path = tipcalc;
			sourceTree = "<group>";
		};
		B7776C4B194F8E84009F09D5 /* Supporting Files */ = {
			isa = PBXGroup;
			children = (
				B7776C4C194F8E84009F09D5 /* tipcalc-Info.plist */,
				B7776C4D194F8E84009F09D5 /* InfoPlist.strings */,
				B7776C50194F8E84009F09D5 /* main.m */,
				B7776C52194F8E84009F09D5 /* tipcalc-Prefix.pch */,
			);
			name = "Supporting Files";
			sourceTree = "<group>";
		};
		B7776C63194F8E84009F09D5 /* tipcalcTests */ = {
			isa = PBXGroup;
			children = (
				B7776C69194F8E84009F09D5 /* tipcalcTests.m */,
				B7776C64194F8E84009F09D5 /* Supporting Files */,
			);
			path = tipcalcTests;
			sourceTree = "<group>";
		};
		B7776C64194F8E84009F09D5 /* Supporting Files */ = {
			isa = PBXGroup;
			children = (
				B7776C65194F8E84009F09D5 /* tipcalcTests-Info.plist */,
				B7776C66194F8E84009F09D5 /* InfoPlist.strings */,
			);
			name = "Supporting Files";
			sourceTree = "<group>";
		};
/* End PBXGroup section */

/* Begin PBXNativeTarget section */
		B7776C40194F8E84009F09D5 /* tipcalc */ = {
			isa = PBXNativeTarget;
			buildConfigurationList = B7776C6D194F8E84009F09D5 /* Build configuration list for PBXNativeTarget "tipcalc" */;
			buildPhases = (
				B7776C3D194F8E84009F09D5 /* Sources */,
				B7776C3E194F8E84009F09D5 /* Frameworks */,
				B7776C3F194F8E84009F09D5 /* Resources */,
			);
			buildRules = (
			);
			dependencies = (
			);
			name = tipcalc;
			productName = tipcalc;
			productReference = B7776C41194F8E84009F09D5 /* tipcalc.app */;
			productType = "com.apple.product-type.application";
		};
		B7776C5B194F8E84009F09D5 /* tipcalcTests */ = {
			isa = PBXNativeTarget;
			buildConfigurationList = B7776C70194F8E84009F09D5 /* Build configuration list for PBXNativeTarget "tipcalcTests" */;
			buildPhases = (
				B7776C58194F8E84009F09D5 /* Sources */,
				B7776C59194F8E84009F09D5 /* Frameworks */,
				B7776C5A194F8E84009F09D5 /* Resources */,
			);
			buildRules = (
			);
			dependencies = (
				B7776C62194F8E84009F09D5 /* PBXTargetDependency */,
			);
			name = tipcalcTests;
			productName = tipcalcTests;
			productReference = B7776C5C194F8E84009F09D5 /* tipcalcTests.xctest */;
			productType = "com.apple.product-type.bundle.unit-test";
		};
/* End PBXNativeTarget section */

/* Begin PBXProject section */
		B7776C39194F8E84009F09D5 /* Project object */ = {
			isa = PBXProject;
			attributes = {
				LastUpgradeCheck = 0510;
				ORGANIZATIONNAME = "___FULLUSERNAME___";
				TargetAttributes = {
					B7776C5B194F8E84009F09D5 = {
						TestTargetID = B7776C40194F8E84009F09D5;
					};
				};
			};
			buildConfigurationList = B7776C3C194F8E84009F09D5 /* Build configuration list for PBXProject "tipcalc" */;
			compatibilityVersion = "Xcode 3.2";
			developmentRegion = English;
			hasScannedForEncodings = 0;
			knownRegions = (
				en,
			);
			mainGroup = B7776C38194F8E84009F09D5;
			productRefGroup = B7776C42194F8E84009F09D5 /* Products */;
			projectDirPath = "";
			projectRoot = "";
			targets = (
				B7776C40194F8E84009F09D5 /* tipcalc */,
				B7776C5B194F8E84009F09D5 /* tipcalcTests */,
			);
		};
/* End PBXProject section */

/* Begin PBXResourcesBuildPhase section */
		B7776C3F194F8E84009F09D5 /* Resources */ = {
			isa = PBXResourcesBuildPhase;
			buildActionMask = 2147483647;
			files = (
				B7776C78194F8FEA009F09D5 /* TipViewController.xib in Resources */,
				B7776C4F194F8E84009F09D5 /* InfoPlist.strings in Resources */,
				B7776C57194F8E84009F09D5 /* Images.xcassets in Resources */,
			);
			runOnlyForDeploymentPostprocessing = 0;
		};
		B7776C5A194F8E84009F09D5 /* Resources */ = {
			isa = PBXResourcesBuildPhase;
			buildActionMask = 2147483647;
			files = (
				B7776C68194F8E84009F09D5 /* InfoPlist.strings in Resources */,
			);
			runOnlyForDeploymentPostprocessing = 0;
		};
/* End PBXResourcesBuildPhase section */

/* Begin PBXSourcesBuildPhase section */
		B7776C3D194F8E84009F09D5 /* Sources */ = {
			isa = PBXSourcesBuildPhase;
			buildActionMask = 2147483647;
			files = (
				B7776C55194F8E84009F09D5 /* AppDelegate.m in Sources */,
				B7776C76194F8FB7009F09D5 /* TipViewController.m in Sources */,
				B7776C51194F8E84009F09D5 /* main.m in Sources */,
			);
			runOnlyForDeploymentPostprocessing = 0;
		};
		B7776C58194F8E84009F09D5 /* Sources */ = {
			isa = PBXSourcesBuildPhase;
			buildActionMask = 2147483647;
			files = (
				B7776C6A194F8E84009F09D5 /* tipcalcTests.m in Sources */,
			);
			runOnlyForDeploymentPostprocessing = 0;
		};
/* End PBXSourcesBuildPhase section */

/* Begin PBXTargetDependency section */
		B7776C62194F8E84009F09D5 /* PBXTargetDependency */ = {
			isa = PBXTargetDependency;
			target = B7776C40194F8E84009F09D5 /* tipcalc */;
			targetProxy = B7776C61194F8E84009F09D5 /* PBXContainerItemProxy */;
		};
/* End PBXTargetDependency section */

/* Begin PBXVariantGroup section */
		B7776C4D194F8E84009F09D5 /* InfoPlist.strings */ = {
			isa = PBXVariantGroup;
			children = (
				B7776C4E194F8E84009F09D5 /* en */,
			);
			name = InfoPlist.strings;
			sourceTree = "<group>";
		};
		B7776C66194F8E84009F09D5 /* InfoPlist.strings */ = {
			isa = PBXVariantGroup;
			children = (
				B7776C67194F8E84009F09D5 /* en */,
			);
			name = InfoPlist.strings;
			sourceTree = "<group>";
		};
		B7776C7A194F8FEA009F09D5 /* TipViewController.xib */ = {
			isa = PBXVariantGroup;
			children = (
				B7776C79194F8FEA009F09D5 /* en */,
			);
			name = TipViewController.xib;
			sourceTree = "<group>";
		};
/* End PBXVariantGroup section */

/* Begin XCBuildConfiguration section */
		B7776C6B194F8E84009F09D5 /* Debug */ = {
			isa = XCBuildConfiguration;
			buildSettings = {
				ALWAYS_SEARCH_USER_PATHS = NO;
				CLANG_CXX_LANGUAGE_STANDARD = "gnu++0x";
				CLANG_CXX_LIBRARY = "libc++";
				CLANG_ENABLE_MODULES = YES;
				CLANG_ENABLE_OBJC_ARC = YES;
				CLANG_WARN_BOOL_CONVERSION = YES;
				CLANG_WARN_CONSTANT_CONVERSION = YES;
				CLANG_WARN_DIRECT_OBJC_ISA_USAGE = YES_ERROR;
				CLANG_WARN_EMPTY_BODY = YES;
				CLANG_WARN_ENUM_CONVERSION = YES;
				CLANG_WARN_INT_CONVERSION = YES;
				CLANG_WARN_OBJC_ROOT_CLASS = YES_ERROR;
				CLANG_WARN__DUPLICATE_METHOD_MATCH = YES;
				"CODE_SIGN_IDENTITY[sdk=iphoneos*]" = "iPhone Developer";
				COPY_PHASE_STRIP = NO;
				GCC_C_LANGUAGE_STANDARD = gnu99;
				GCC_DYNAMIC_NO_PIC = NO;
				GCC_OPTIMIZATION_LEVEL = 0;
				GCC_PREPROCESSOR_DEFINITIONS = (
					"DEBUG=1",
					"$(inherited)",
				);
				GCC_SYMBOLS_PRIVATE_EXTERN = NO;
				GCC_WARN_64_TO_32_BIT_CONVERSION = YES;
				GCC_WARN_ABOUT_RETURN_TYPE = YES_ERROR;
				GCC_WARN_UNDECLARED_SELECTOR = YES;
				GCC_WARN_UNINITIALIZED_AUTOS = YES_AGGRESSIVE;
				GCC_WARN_UNUSED_FUNCTION = YES;
				GCC_WARN_UNUSED_VARIABLE = YES;
				IPHONEOS_DEPLOYMENT_TARGET = 7.1;
				ONLY_ACTIVE_ARCH = YES;
				SDKROOT = iphoneos;
				TARGETED_DEVICE_FAMILY = "1,2";
			};
			name = Debug;
		};
		B7776C6C194F8E84009F09D5 /* Release */ = {
			isa = XCBuildConfiguration;
			buildSettings = {
				ALWAYS_SEARCH_USER_PATHS = NO;
				CLANG_CXX_LANGUAGE_STANDARD = "gnu++0x";
				CLANG_CXX_LIBRARY = "libc++";
				CLANG_ENABLE_MODULES = YES;
				CLANG_ENABLE_OBJC_ARC = YES;
				CLANG_WARN_BOOL_CONVERSION = YES;
				CLANG_WARN_CONSTANT_CONVERSION = YES;
				CLANG_WARN_DIRECT_OBJC_ISA_USAGE = YES_ERROR;
				CLANG_WARN_EMPTY_BODY = YES;
				CLANG_WARN_ENUM_CONVERSION = YES;
				CLANG_WARN_INT_CONVERSION = YES;
				CLANG_WARN_OBJC_ROOT_CLASS = YES_ERROR;
				CLANG_WARN__DUPLICATE_METHOD_MATCH = YES;
				"CODE_SIGN_IDENTITY[sdk=iphoneos*]" = "iPhone Developer";
				COPY_PHASE_STRIP = YES;
				ENABLE_NS_ASSERTIONS = NO;
				GCC_C_LANGUAGE_STANDARD = gnu99;
				GCC_WARN_64_TO_32_BIT_CONVERSION = YES;
				GCC_WARN_ABOUT_RETURN_TYPE = YES_ERROR;
				GCC_WARN_UNDECLARED_SELECTOR = YES;
				GCC_WARN_UNINITIALIZED_AUTOS = YES_AGGRESSIVE;
				GCC_WARN_UNUSED_FUNCTION = YES;
				GCC_WARN_UNUSED_VARIABLE = YES;
				IPHONEOS_DEPLOYMENT_TARGET = 7.1;
				SDKROOT = iphoneos;
				TARGETED_DEVICE_FAMILY = "1,2";
				VALIDATE_PRODUCT = YES;
			};
			name = Release;
		};
		B7776C6E194F8E84009F09D5 /* Debug */ = {
			isa = XCBuildConfiguration;
			buildSettings = {
				ASSETCATALOG_COMPILER_APPICON_NAME = AppIcon;
				ASSETCATALOG_COMPILER_LAUNCHIMAGE_NAME = LaunchImage;
				GCC_PRECOMPILE_PREFIX_HEADER = YES;
				GCC_PREFIX_HEADER = "tipcalc/tipcalc-Prefix.pch";
				INFOPLIST_FILE = "tipcalc/tipcalc-Info.plist";
				IPHONEOS_DEPLOYMENT_TARGET = 7.0;
				PRODUCT_NAME = "$(TARGET_NAME)";
				TARGETED_DEVICE_FAMILY = 1;
				WRAPPER_EXTENSION = app;
			};
			name = Debug;
		};
		B7776C6F194F8E84009F09D5 /* Release */ = {
			isa = XCBuildConfiguration;
			buildSettings = {
				ASSETCATALOG_COMPILER_APPICON_NAME = AppIcon;
				ASSETCATALOG_COMPILER_LAUNCHIMAGE_NAME = LaunchImage;
				GCC_PRECOMPILE_PREFIX_HEADER = YES;
				GCC_PREFIX_HEADER = "tipcalc/tipcalc-Prefix.pch";
				INFOPLIST_FILE = "tipcalc/tipcalc-Info.plist";
				IPHONEOS_DEPLOYMENT_TARGET = 7.0;
				PRODUCT_NAME = "$(TARGET_NAME)";
				TARGETED_DEVICE_FAMILY = 1;
				WRAPPER_EXTENSION = app;
			};
			name = Release;
		};
		B7776C71194F8E84009F09D5 /* Debug */ = {
			isa = XCBuildConfiguration;
			buildSettings = {
				BUNDLE_LOADER = "$(BUILT_PRODUCTS_DIR)/tipcalc.app/tipcalc";
				FRAMEWORK_SEARCH_PATHS = (
					"$(SDKROOT)/Developer/Library/Frameworks",
					"$(inherited)",
					"$(DEVELOPER_FRAMEWORKS_DIR)",
				);
				GCC_PRECOMPILE_PREFIX_HEADER = YES;
				GCC_PREFIX_HEADER = "tipcalc/tipcalc-Prefix.pch";
				GCC_PREPROCESSOR_DEFINITIONS = (
					"DEBUG=1",
					"$(inherited)",
				);
				INFOPLIST_FILE = "tipcalcTests/tipcalcTests-Info.plist";
				PRODUCT_NAME = "$(TARGET_NAME)";
				TEST_HOST = "$(BUNDLE_LOADER)";
				WRAPPER_EXTENSION = xctest;
			};
			name = Debug;
		};
		B7776C72194F8E84009F09D5 /* Release */ = {
			isa = XCBuildConfiguration;
			buildSettings = {
				BUNDLE_LOADER = "$(BUILT_PRODUCTS_DIR)/tipcalc.app/tipcalc";
				FRAMEWORK_SEARCH_PATHS = (
					"$(SDKROOT)/Developer/Library/Frameworks",
					"$(inherited)",
					"$(DEVELOPER_FRAMEWORKS_DIR)",
				);
				GCC_PRECOMPILE_PREFIX_HEADER = YES;
				GCC_PREFIX_HEADER = "tipcalc/tipcalc-Prefix.pch";
				INFOPLIST_FILE = "tipcalcTests/tipcalcTests-Info.plist";
				PRODUCT_NAME = "$(TARGET_NAME)";
				TEST_HOST = "$(BUNDLE_LOADER)";
				WRAPPER_EXTENSION = xctest;
			};
			name = Release;
		};
/* End XCBuildConfiguration section */

/* Begin XCConfigurationList section */
		B7776C3C194F8E84009F09D5 /* Build configuration list for PBXProject "tipcalc" */ = {
			isa = XCConfigurationList;
			buildConfigurations = (
				B7776C6B194F8E84009F09D5 /* Debug */,
				B7776C6C194F8E84009F09D5 /* Release */,
			);
			defaultConfigurationIsVisible = 0;
			defaultConfigurationName = Release;
		};
		B7776C6D194F8E84009F09D5 /* Build configuration list for PBXNativeTarget "tipcalc" */ = {
			isa = XCConfigurationList;
			buildConfigurations = (
				B7776C6E194F8E84009F09D5 /* Debug */,
				B7776C6F194F8E84009F09D5 /* Release */,
			);
			defaultConfigurationIsVisible = 0;
			defaultConfigurationName = Release;
		};
		B7776C70194F8E84009F09D5 /* Build configuration list for PBXNativeTarget "tipcalcTests" */ = {
			isa = XCConfigurationList;
			buildConfigurations = (
				B7776C71194F8E84009F09D5 /* Debug */,
				B7776C72194F8E84009F09D5 /* Release */,
			);
			defaultConfigurationIsVisible = 0;
			defaultConfigurationName = Release;
		};
/* End XCConfigurationList section */
	};
	rootObject = B7776C39194F8E84009F09D5 /* Project object */;
}
